# THIS IS AN AUTOGENERATED FILE. DO NOT EDIT THIS FILE DIRECTLY.
# yarn lockfile v1


kdbush@^2.0.1:
  version "2.0.1"
  resolved "https://registry.yarnpkg.com/kdbush/-/kdbush-2.0.1.tgz#90c6128e3001ac68c550d7c9e2f222c0269666f1"

supercluster@^4.0.1:
  version "4.0.1"
  resolved "https://registry.yarnpkg.com/supercluster/-/supercluster-4.0.1.tgz#eead7ab49f50322b265e0087859ebcabdc5c2ed8"
  dependencies:
    kdbush "^2.0.1"
